
Microsoft Visual Studio Solution File, Format Version 12.00
# Visual Studio Version 16
VisualStudioVersion = 16.0.29613.14
MinimumVisualStudioVersion = 10.0.40219.1
Project("{FAE04EC0-301F-11D3-BF4B-00C04F79EFBC}") = "passe-compose-imparfait", "passe-compose-imparfait\passe-compose-imparfait.csproj", "{CB2D139C-6E5A-469D-A9E1-F8449693CE0C}"
EndProject
Global
	GlobalSection(SolutionConfigurationPlatforms) = preSolution
		Debug|Any CPU = Debug|Any CPU
		Release|Any CPU = Release|Any CPU
	EndGlobalSection
	GlobalSection(ProjectConfigurationPlatforms) = postSolution
		{CB2D139C-6E5A-469D-A9E1-F8449693CE0C}.Debug|Any CPU.ActiveCfg = Debug|Any CPU
		{CB2D139C-6E5A-469D-A9E1-F8449693CE0C}.Debug|Any CPU.Build.0 = Debug|Any CPU
		{CB2D139C-6E5A-469D-A9E1-F8449693CE0C}.Release|Any CPU.ActiveCfg = Release|Any CPU
		{CB2D139C-6E5A-469D-A9E1-F8449693CE0C}.Release|Any CPU.Build.0 = Release|Any CPU
	EndGlobalSection
	GlobalSection(SolutionProperties) = preSolution
		HideSolutionNode = FALSE
	EndGlobalSection
	GlobalSection(ExtensibilityGlobals) = postSolution
		SolutionGuid = {ED15A21B-9228-4F78-A90A-B002C8FC9D92}
	EndGlobalSection
EndGlobal
